
Microsoft Visual Studio Solution File, Format Version 12.00
# Visual Studio Version 17
VisualStudioVersion = 17.14.36414.22 d17.14
MinimumVisualStudioVersion = 10.0.40219.1
Project("{FAE04EC0-301F-11D3-BF4B-00C04F79EFBC}") = "locadora", "locadora.csproj", "{4A83C720-7BE2-4E86-AE90-FCB7AEA2C1AF}"
EndProject
Global
	GlobalSection(SolutionConfigurationPlatforms) = preSolution
		Debug|Any CPU = Debug|Any CPU
		Release|Any CPU = Release|Any CPU
	EndGlobalSection
	GlobalSection(ProjectConfigurationPlatforms) = postSolution
		{4A83C720-7BE2-4E86-AE90-FCB7AEA2C1AF}.Debug|Any CPU.ActiveCfg = Debug|Any CPU
		{4A83C720-7BE2-4E86-AE90-FCB7AEA2C1AF}.Debug|Any CPU.Build.0 = Debug|Any CPU
		{4A83C720-7BE2-4E86-AE90-FCB7AEA2C1AF}.Release|Any CPU.ActiveCfg = Release|Any CPU
		{4A83C720-7BE2-4E86-AE90-FCB7AEA2C1AF}.Release|Any CPU.Build.0 = Release|Any CPU
	EndGlobalSection
	GlobalSection(SolutionProperties) = preSolution
		HideSolutionNode = FALSE
	EndGlobalSection
	GlobalSection(ExtensibilityGlobals) = postSolution
		SolutionGuid = {3BE1B4EF-1FA4-4762-BC91-0130673E0741}
	EndGlobalSection
EndGlobal
